
Microsoft Visual Studio Solution File, Format Version 12.00
# Visual Studio Version 17
VisualStudioVersion = 17.3.32811.315
MinimumVisualStudioVersion = 10.0.40219.1
Project("{FAE04EC0-301F-11D3-BF4B-00C04F79EFBC}") = "SalesApi", "SalesApi\SalesApi.csproj", "{B29CF672-E799-46C3-9D24-D791366D8CA0}"
EndProject
Project("{FAE04EC0-301F-11D3-BF4B-00C04F79EFBC}") = "Data", "Data\Data.csproj", "{5FD39028-88DC-49CC-A21B-44AA8572D244}"
EndProject
Global
	GlobalSection(SolutionConfigurationPlatforms) = preSolution
		Debug|Any CPU = Debug|Any CPU
		Release|Any CPU = Release|Any CPU
	EndGlobalSection
	GlobalSection(ProjectConfigurationPlatforms) = postSolution
		{B29CF672-E799-46C3-9D24-D791366D8CA0}.Debug|Any CPU.ActiveCfg = Debug|Any CPU
		{B29CF672-E799-46C3-9D24-D791366D8CA0}.Debug|Any CPU.Build.0 = Debug|Any CPU
		{B29CF672-E799-46C3-9D24-D791366D8CA0}.Release|Any CPU.ActiveCfg = Release|Any CPU
		{B29CF672-E799-46C3-9D24-D791366D8CA0}.Release|Any CPU.Build.0 = Release|Any CPU
		{5FD39028-88DC-49CC-A21B-44AA8572D244}.Debug|Any CPU.ActiveCfg = Debug|Any CPU
		{5FD39028-88DC-49CC-A21B-44AA8572D244}.Debug|Any CPU.Build.0 = Debug|Any CPU
		{5FD39028-88DC-49CC-A21B-44AA8572D244}.Release|Any CPU.ActiveCfg = Release|Any CPU
		{5FD39028-88DC-49CC-A21B-44AA8572D244}.Release|Any CPU.Build.0 = Release|Any CPU
	EndGlobalSection
	GlobalSection(SolutionProperties) = preSolution
		HideSolutionNode = FALSE
	EndGlobalSection
	GlobalSection(ExtensibilityGlobals) = postSolution
		SolutionGuid = {8BBB4C73-96BA-45DF-A358-B0C6BBDEB175}
	EndGlobalSection
EndGlobal
